# Build inputs reviewed 2026-09-04. Do not mix this snapshot with current mirrors.
ARCHISO_PACKAGE_VERSION=90-1
ARCHISO_SOURCE_COMMIT=0270567a2914330ff236ccd7d4f40eaee7b8e708
ARCH_SNAPSHOT=2026/09/04
SOURCE_DATE_EPOCH=1788480000
BOOTSTRAP_PACKAGE_VERSION=0.1.0
# Official extra package verified in the same snapshot; no boot-time resolver.
CODEX_CLI_VERSION=0.153.2
CODEX_PACKAGE_VERSION=0.153.2-1
CODEX_PACKAGE_SHA256=a01a7705edb14181f00b70562f367c229e53cd7a552cecb54a45652e0a1131a4
CODEX_SOURCE_COMMIT=657a993cbee87acf52d14b758ce49dbd46d1b8eb
# Bridge build-only compiler; verified https://go.dev/dl/?mode=json on 2026-09-09.
# Snapshot Go satisfies makepkg's dependency; this exact compiler executes builds.
BRIDGE_GO_VERSION=1.27.1
BRIDGE_GO_LINUX_AMD64_SHA256=63d339f0da5ab53635a56f2490a7984dfe12dfcff22ad749f63edaf590168445
